lockfileVersion: '6.1'

settings:
  autoInstallPeers: true
  excludeLinksFromLockfile: false

dependencies:
  zenn-cli:
    specifier: ^0.1.144
    version: 0.1.144

packages:

  /zenn-cli@0.1.144:
    resolution: {integrity: sha512-vReeYJg2ySjIUKSm5shKdi8rLmMO31Mtk7/xcTJVMSY0sLWJemTgtV8Mcpe1lIvTLKwg5SjfAa3iWjX0HIy3EA==}
    engines: {node: '>=14.0.0'}
    hasBin: true
    dev: false
